// !$*UTF8*$!
{
	archiveVersion = 1;
	classes = {
	};
	objectVersion = 55;
	objects = {

/* Begin PBXBuildFile section */
		4B3ECAC0E6CF7F4FBEA6C9AB /* Project.swift in Sources */ = {isa = PBXBuildFile; fileRef = 8B7128D63517B70A7BE2B01C /* Project.swift */; };
		D4135EC05B555400ECE609D4 /* Package.swift in Sources */ = {isa = PBXBuildFile; fileRef = 9353F5FD9F4AEC302CCC7F79 /* Package.swift */; };
		F0318A3DC06DB3F728730B58 /* Config.swift in Sources */ = {isa = PBXBuildFile; fileRef = 0FBADCCFBDA47D4A644C240E /* Config.swift */; };
/* End PBXBuildFile section */

/* Begin PBXCopyFilesBuildPhase section */
		02B859F42D3DC09BCF04CBAA /* Embed Frameworks */ = {
			isa = PBXCopyFilesBuildPhase;
			buildActionMask = 2147483647;
			dstPath = "";
			dstSubfolderSpec = 10;
			files = (
			);
			name = "Embed Frameworks";
			runOnlyForDeploymentPostprocessing = 0;
		};
		0A271C9D93DD72394FFE53C6 /* Embed Frameworks */ = {
			isa = PBXCopyFilesBuildPhase;
			buildActionMask = 2147483647;
			dstPath = "";
			dstSubfolderSpec = 10;
			files = (
			);
			name = "Embed Frameworks";
			runOnlyForDeploymentPostprocessing = 0;
		};
		0DA2F1A5224CBB1DA102964C /* Embed Frameworks */ = {
			isa = PBXCopyFilesBuildPhase;
			buildActionMask = 2147483647;
			dstPath = "";
			dstSubfolderSpec = 10;
			files = (
			);
			name = "Embed Frameworks";
			runOnlyForDeploymentPostprocessing = 0;
		};
/* End PBXCopyFilesBuildPhase section */

/* Begin PBXFileReference section */
		0FBADCCFBDA47D4A644C240E /* Config.swift */ = {isa = PBXFileReference; lastKnownFileType = sourcecode.swift; path = Config.swift; sourceTree = "<group>"; };
		4A7A420C8B7456700894A760 /* Packages.framework */ = {isa = PBXFileReference; explicitFileType = wrapper.framework; includeInIndex = 0; path = Packages.framework; sourceTree = BUILT_PRODUCTS_DIR; };
		4BDC844E9A1EDB21427E4126 /* swift-geometerManifests.framework */ = {isa = PBXFileReference; explicitFileType = wrapper.framework; includeInIndex = 0; path = "swift-geometerManifests.framework"; sourceTree = BUILT_PRODUCTS_DIR; };
		8B7128D63517B70A7BE2B01C /* Project.swift */ = {isa = PBXFileReference; lastKnownFileType = sourcecode.swift; path = Project.swift; sourceTree = "<group>"; };
		9353F5FD9F4AEC302CCC7F79 /* Package.swift */ = {isa = PBXFileReference; lastKnownFileType = sourcecode.swift; path = Package.swift; sourceTree = "<group>"; };
		FE5ED29BFDB3BC89D230D6CF /* Config.framework */ = {isa = PBXFileReference; explicitFileType = wrapper.framework; includeInIndex = 0; path = Config.framework; sourceTree = BUILT_PRODUCTS_DIR; };
/* End PBXFileReference section */

/* Begin PBXFrameworksBuildPhase section */
		210455E8D2EE8AB5C59996A2 /* Frameworks */ = {
			isa = PBXFrameworksBuildPhase;
			buildActionMask = 2147483647;
			files = (
			);
			runOnlyForDeploymentPostprocessing = 0;
		};
		74BDD25716EAB7A55BACFA08 /* Frameworks */ = {
			isa = PBXFrameworksBuildPhase;
			buildActionMask = 2147483647;
			files = (
			);
			runOnlyForDeploymentPostprocessing = 0;
		};
		C1D4C9C744118F78F2965792 /* Frameworks */ = {
			isa = PBXFrameworksBuildPhase;
			buildActionMask = 2147483647;
			files = (
			);
			runOnlyForDeploymentPostprocessing = 0;
		};
/* End PBXFrameworksBuildPhase section */

/* Begin PBXGroup section */
		678BC480FD72ED4D453F12B1 /* Manifests */ = {
			isa = PBXGroup;
			children = (
				7980CF069683F42FE999CA24 /* Tuist */,
				8B7128D63517B70A7BE2B01C /* Project.swift */,
			);
			name = Manifests;
			sourceTree = "<group>";
		};
		7980CF069683F42FE999CA24 /* Tuist */ = {
			isa = PBXGroup;
			children = (
				0FBADCCFBDA47D4A644C240E /* Config.swift */,
				9353F5FD9F4AEC302CCC7F79 /* Package.swift */,
			);
			path = Tuist;
			sourceTree = "<group>";
		};
		AE587FDB46D1793AA03E67DD /* Products */ = {
			isa = PBXGroup;
			children = (
				FE5ED29BFDB3BC89D230D6CF /* Config.framework */,
				4A7A420C8B7456700894A760 /* Packages.framework */,
				4BDC844E9A1EDB21427E4126 /* swift-geometerManifests.framework */,
			);
			name = Products;
			sourceTree = "<group>";
		};
		E623844D0F4F397E1B3AA9DF = {
			isa = PBXGroup;
			children = (
				678BC480FD72ED4D453F12B1 /* Manifests */,
				AE587FDB46D1793AA03E67DD /* Products */,
			);
			sourceTree = "<group>";
		};
/* End PBXGroup section */

/* Begin PBXNativeTarget section */
		263AB417E79F4FC1872EF87E /* Packages */ = {
			isa = PBXNativeTarget;
			buildConfigurationList = C4674A9FD8503585C4A02764 /* Build configuration list for PBXNativeTarget "Packages" */;
			buildPhases = (
				A25DB546CCF7EE27D546EF21 /* Sources */,
				2ACB09CB613E4F159B4B9DAA /* Resources */,
				02B859F42D3DC09BCF04CBAA /* Embed Frameworks */,
				C1D4C9C744118F78F2965792 /* Frameworks */,
			);
			buildRules = (
			);
			dependencies = (
			);
			name = Packages;
			productName = Packages;
			productReference = 4A7A420C8B7456700894A760 /* Packages.framework */;
			productType = "com.apple.product-type.framework";
		};
		9F92963C00FAA653D124BD01 /* swift-geometerManifests */ = {
			isa = PBXNativeTarget;
			buildConfigurationList = 48D51063EF212C9B86450152 /* Build configuration list for PBXNativeTarget "swift-geometerManifests" */;
			buildPhases = (
				F5305BD85CF938EC8117399C /* Sources */,
				AF7ACB7212467D2DE56DC19D /* Resources */,
				0DA2F1A5224CBB1DA102964C /* Embed Frameworks */,
				74BDD25716EAB7A55BACFA08 /* Frameworks */,
			);
			buildRules = (
			);
			dependencies = (
			);
			name = "swift-geometerManifests";
			productName = "swift-geometerManifests";
			productReference = 4BDC844E9A1EDB21427E4126 /* swift-geometerManifests.framework */;
			productType = "com.apple.product-type.framework";
		};
		F65E2B1A0727574D93D5C27F /* Config */ = {
			isa = PBXNativeTarget;
			buildConfigurationList = 481E27DD02C2FD682506F676 /* Build configuration list for PBXNativeTarget "Config" */;
			buildPhases = (
				DCF9261F63F3E21B209912A4 /* Sources */,
				77F8E6B9BF58B1E39BB09A1E /* Resources */,
				0A271C9D93DD72394FFE53C6 /* Embed Frameworks */,
				210455E8D2EE8AB5C59996A2 /* Frameworks */,
			);
			buildRules = (
			);
			dependencies = (
			);
			name = Config;
			productName = Config;
			productReference = FE5ED29BFDB3BC89D230D6CF /* Config.framework */;
			productType = "com.apple.product-type.framework";
		};
/* End PBXNativeTarget section */

/* Begin PBXProject section */
		C2CEFB75180115DD089F2A57 /* Project object */ = {
			isa = PBXProject;
			attributes = {
				BuildIndependentTargetsInParallel = YES;
				TargetAttributes = {
				};
			};
			buildConfigurationList = 72C0F45F432A91F6FB43C48C /* Build configuration list for PBXProject "Manifests" */;
			compatibilityVersion = "Xcode 14.0";
			developmentRegion = en;
			hasScannedForEncodings = 0;
			knownRegions = (
				Base,
				en,
			);
			mainGroup = E623844D0F4F397E1B3AA9DF;
			productRefGroup = AE587FDB46D1793AA03E67DD /* Products */;
			projectDirPath = "";
			projectRoot = "";
			targets = (
				F65E2B1A0727574D93D5C27F /* Config */,
				263AB417E79F4FC1872EF87E /* Packages */,
				9F92963C00FAA653D124BD01 /* swift-geometerManifests */,
			);
		};
/* End PBXProject section */

/* Begin PBXResourcesBuildPhase section */
		2ACB09CB613E4F159B4B9DAA /* Resources */ = {
			isa = PBXResourcesBuildPhase;
			buildActionMask = 2147483647;
			files = (
			);
			runOnlyForDeploymentPostprocessing = 0;
		};
		77F8E6B9BF58B1E39BB09A1E /* Resources */ = {
			isa = PBXResourcesBuildPhase;
			buildActionMask = 2147483647;
			files = (
			);
			runOnlyForDeploymentPostprocessing = 0;
		};
		AF7ACB7212467D2DE56DC19D /* Resources */ = {
			isa = PBXResourcesBuildPhase;
			buildActionMask = 2147483647;
			files = (
			);
			runOnlyForDeploymentPostprocessing = 0;
		};
/* End PBXResourcesBuildPhase section */

/* Begin PBXSourcesBuildPhase section */
		A25DB546CCF7EE27D546EF21 /* Sources */ = {
			isa = PBXSourcesBuildPhase;
			buildActionMask = 2147483647;
			files = (
				D4135EC05B555400ECE609D4 /* Package.swift in Sources */,
			);
			runOnlyForDeploymentPostprocessing = 0;
		};
		DCF9261F63F3E21B209912A4 /* Sources */ = {
			isa = PBXSourcesBuildPhase;
			buildActionMask = 2147483647;
			files = (
				F0318A3DC06DB3F728730B58 /* Config.swift in Sources */,
			);
			runOnlyForDeploymentPostprocessing = 0;
		};
		F5305BD85CF938EC8117399C /* Sources */ = {
			isa = PBXSourcesBuildPhase;
			buildActionMask = 2147483647;
			files = (
				4B3ECAC0E6CF7F4FBEA6C9AB /* Project.swift in Sources */,
			);
			runOnlyForDeploymentPostprocessing = 0;
		};
/* End PBXSourcesBuildPhase section */

/* Begin XCBuildConfiguration section */
		12AFDB5ED99EB8B653FFB56F /* Debug */ = {
			isa = XCBuildConfiguration;
			buildSettings = {
				CODE_SIGN_IDENTITY = "";
				COMBINE_HIDPI_IMAGES = YES;
				CURRENT_PROJECT_VERSION = 1;
				DEFINES_MODULE = YES;
				DYLIB_COMPATIBILITY_VERSION = 1;
				DYLIB_CURRENT_VERSION = 1;
				DYLIB_INSTALL_NAME_BASE = "@rpath";
				FRAMEWORK_SEARCH_PATHS = (
					"\"/opt/homebrew/Caskroom/tuist/4.26.0\"",
					"\"/opt/homebrew/Caskroom/tuist\"",
				);
				FRAMEWORK_VERSION = A;
				INSTALL_PATH = "$(LOCAL_LIBRARY_DIR)/Frameworks";
				LD_RUNPATH_SEARCH_PATHS = (
					"$(inherited)",
					"@executable_path/../Frameworks",
					"@loader_path/../Frameworks",
				);
				LIBRARY_SEARCH_PATHS = (
					"\"/opt/homebrew/Caskroom/tuist/4.26.0\"",
					"\"/opt/homebrew/Caskroom/tuist\"",
				);
				MACH_O_TYPE = staticlib;
				PRODUCT_BUNDLE_IDENTIFIER = "io.tuist.${PRODUCT_NAME:rfc1034identifier}";
				PRODUCT_NAME = Config;
				SDKROOT = macosx;
				SKIP_INSTALL = YES;
				SWIFT_ACTIVE_COMPILATION_CONDITIONS = (
					"$(inherited)",
					DEBUG,
				);
				SWIFT_COMPILATION_MODE = singlefile;
				SWIFT_INCLUDE_PATHS = (
					"\"/opt/homebrew/Caskroom/tuist/4.26.0\"",
					"\"/opt/homebrew/Caskroom/tuist\"",
				);
				SWIFT_OPTIMIZATION_LEVEL = "-Onone";
				SWIFT_VERSION = 6.0;
				VERSIONING_SYSTEM = "apple-generic";
				VERSION_INFO_PREFIX = "";
			};
			name = Debug;
		};
		44213E7DA5E0D6689AC235EC /* Debug */ = {
			isa = XCBuildConfiguration;
			buildSettings = {
				CODE_SIGN_IDENTITY = "";
				COMBINE_HIDPI_IMAGES = YES;
				CURRENT_PROJECT_VERSION = 1;
				DEFINES_MODULE = YES;
				DYLIB_COMPATIBILITY_VERSION = 1;
				DYLIB_CURRENT_VERSION = 1;
				DYLIB_INSTALL_NAME_BASE = "@rpath";
				FRAMEWORK_SEARCH_PATHS = (
					"\"/opt/homebrew/Caskroom/tuist/4.26.0\"",
					"\"/opt/homebrew/Caskroom/tuist\"",
				);
				FRAMEWORK_VERSION = A;
				INSTALL_PATH = "$(LOCAL_LIBRARY_DIR)/Frameworks";
				LD_RUNPATH_SEARCH_PATHS = (
					"$(inherited)",
					"@executable_path/../Frameworks",
					"@loader_path/../Frameworks",
				);
				LIBRARY_SEARCH_PATHS = (
					"\"/opt/homebrew/Caskroom/tuist/4.26.0\"",
					"\"/opt/homebrew/Caskroom/tuist\"",
				);
				MACH_O_TYPE = staticlib;
				PRODUCT_BUNDLE_IDENTIFIER = "io.tuist.${PRODUCT_NAME:rfc1034identifier}";
				PRODUCT_NAME = "swift-geometerManifests";
				SDKROOT = macosx;
				SKIP_INSTALL = YES;
				SWIFT_ACTIVE_COMPILATION_CONDITIONS = (
					"$(inherited)",
					DEBUG,
				);
				SWIFT_COMPILATION_MODE = singlefile;
				SWIFT_INCLUDE_PATHS = (
					"\"/opt/homebrew/Caskroom/tuist/4.26.0\"",
					"\"/opt/homebrew/Caskroom/tuist\"",
				);
				SWIFT_OPTIMIZATION_LEVEL = "-Onone";
				SWIFT_VERSION = 6.0;
				VERSIONING_SYSTEM = "apple-generic";
				VERSION_INFO_PREFIX = "";
			};
			name = Debug;
		};
		5659F73E775C4534BF09940A /* Release */ = {
			isa = XCBuildConfiguration;
			buildSettings = {
				ALWAYS_SEARCH_USER_PATHS = NO;
				CLANG_ANALYZER_LOCALIZABILITY_NONLOCALIZED = YES;
				CLANG_ANALYZER_NONNULL = YES;
				CLANG_ANALYZER_NUMBER_OBJECT_CONVERSION = YES_AGGRESSIVE;
				CLANG_CXX_LANGUAGE_STANDARD = "gnu++14";
				CLANG_CXX_LIBRARY = "libc++";
				CLANG_ENABLE_MODULES = YES;
				CLANG_ENABLE_OBJC_ARC = YES;
				CLANG_ENABLE_OBJC_WEAK = YES;
				CLANG_WARN_BLOCK_CAPTURE_AUTORELEASING = YES;
				CLANG_WARN_BOOL_CONVERSION = YES;
				CLANG_WARN_COMMA = YES;
				CLANG_WARN_CONSTANT_CONVERSION = YES;
				CLANG_WARN_DEPRECATED_OBJC_IMPLEMENTATIONS = YES;
				CLANG_WARN_DIRECT_OBJC_ISA_USAGE = YES_ERROR;
				CLANG_WARN_DOCUMENTATION_COMMENTS = YES;
				CLANG_WARN_EMPTY_BODY = YES;
				CLANG_WARN_ENUM_CONVERSION = YES;
				CLANG_WARN_INFINITE_RECURSION = YES;
				CLANG_WARN_INT_CONVERSION = YES;
				CLANG_WARN_NON_LITERAL_NULL_CONVERSION = YES;
				CLANG_WARN_OBJC_IMPLICIT_RETAIN_SELF = YES;
				CLANG_WARN_OBJC_LITERAL_CONVERSION = YES;
				CLANG_WARN_OBJC_ROOT_CLASS = YES_ERROR;
				CLANG_WARN_QUOTED_INCLUDE_IN_FRAMEWORK_HEADER = YES;
				CLANG_WARN_RANGE_LOOP_ANALYSIS = YES;
				CLANG_WARN_STRICT_PROTOTYPES = YES;
				CLANG_WARN_SUSPICIOUS_MOVE = YES;
				CLANG_WARN_UNGUARDED_AVAILABILITY = YES_AGGRESSIVE;
				CLANG_WARN_UNREACHABLE_CODE = YES;
				CLANG_WARN__DUPLICATE_METHOD_MATCH = YES;
				COPY_PHASE_STRIP = NO;
				DEAD_CODE_STRIPPING = YES;
				DEBUG_INFORMATION_FORMAT = "dwarf-with-dsym";
				ENABLE_NS_ASSERTIONS = NO;
				ENABLE_STRICT_OBJC_MSGSEND = YES;
				GCC_C_LANGUAGE_STANDARD = gnu11;
				GCC_NO_COMMON_BLOCKS = YES;
				GCC_WARN_64_TO_32_BIT_CONVERSION = YES;
				GCC_WARN_ABOUT_RETURN_TYPE = YES_ERROR;
				GCC_WARN_UNDECLARED_SELECTOR = YES;
				GCC_WARN_UNINITIALIZED_AUTOS = YES_AGGRESSIVE;
				GCC_WARN_UNUSED_FUNCTION = YES;
				GCC_WARN_UNUSED_VARIABLE = YES;
				MTL_ENABLE_DEBUG_INFO = NO;
				PRODUCT_NAME = "$(TARGET_NAME)";
				VALIDATE_PRODUCT = YES;
			};
			name = Release;
		};
		7729B8E423420E30E7D2A8E3 /* Release */ = {
			isa = XCBuildConfiguration;
			buildSettings = {
				CODE_SIGN_IDENTITY = "";
				COMBINE_HIDPI_IMAGES = YES;
				CURRENT_PROJECT_VERSION = 1;
				DEFINES_MODULE = YES;
				DYLIB_COMPATIBILITY_VERSION = 1;
				DYLIB_CURRENT_VERSION = 1;
				DYLIB_INSTALL_NAME_BASE = "@rpath";
				FRAMEWORK_SEARCH_PATHS = (
					"\"/opt/homebrew/Caskroom/tuist/4.26.0\"",
					"\"/opt/homebrew/Caskroom/tuist\"",
				);
				FRAMEWORK_VERSION = A;
				INSTALL_PATH = "$(LOCAL_LIBRARY_DIR)/Frameworks";
				LD_RUNPATH_SEARCH_PATHS = (
					"$(inherited)",
					"@executable_path/../Frameworks",
					"@loader_path/../Frameworks",
				);
				LIBRARY_SEARCH_PATHS = (
					"\"/opt/homebrew/Caskroom/tuist/4.26.0\"",
					"\"/opt/homebrew/Caskroom/tuist\"",
				);
				MACH_O_TYPE = staticlib;
				PRODUCT_BUNDLE_IDENTIFIER = "io.tuist.${PRODUCT_NAME:rfc1034identifier}";
				PRODUCT_NAME = Config;
				SDKROOT = macosx;
				SKIP_INSTALL = YES;
				SWIFT_COMPILATION_MODE = wholemodule;
				SWIFT_INCLUDE_PATHS = (
					"\"/opt/homebrew/Caskroom/tuist/4.26.0\"",
					"\"/opt/homebrew/Caskroom/tuist\"",
				);
				SWIFT_OPTIMIZATION_LEVEL = "-Owholemodule";
				SWIFT_VERSION = 6.0;
				VERSIONING_SYSTEM = "apple-generic";
				VERSION_INFO_PREFIX = "";
			};
			name = Release;
		};
		8A63228DC9340544DBC802B1 /* Release */ = {
			isa = XCBuildConfiguration;
			buildSettings = {
				CODE_SIGN_IDENTITY = "";
				COMBINE_HIDPI_IMAGES = YES;
				CURRENT_PROJECT_VERSION = 1;
				DEFINES_MODULE = YES;
				DYLIB_COMPATIBILITY_VERSION = 1;
				DYLIB_CURRENT_VERSION = 1;
				DYLIB_INSTALL_NAME_BASE = "@rpath";
				FRAMEWORK_SEARCH_PATHS = (
					"\"/opt/homebrew/Caskroom/tuist/4.26.0\"",
					"\"/opt/homebrew/Caskroom/tuist\"",
				);
				FRAMEWORK_VERSION = A;
				INSTALL_PATH = "$(LOCAL_LIBRARY_DIR)/Frameworks";
				LD_RUNPATH_SEARCH_PATHS = (
					"$(inherited)",
					"@executable_path/../Frameworks",
					"@loader_path/../Frameworks",
				);
				LIBRARY_SEARCH_PATHS = (
					"\"/opt/homebrew/Caskroom/tuist/4.26.0\"",
					"\"/opt/homebrew/Caskroom/tuist\"",
				);
				MACH_O_TYPE = staticlib;
				PRODUCT_BUNDLE_IDENTIFIER = "io.tuist.${PRODUCT_NAME:rfc1034identifier}";
				PRODUCT_NAME = "swift-geometerManifests";
				SDKROOT = macosx;
				SKIP_INSTALL = YES;
				SWIFT_COMPILATION_MODE = wholemodule;
				SWIFT_INCLUDE_PATHS = (
					"\"/opt/homebrew/Caskroom/tuist/4.26.0\"",
					"\"/opt/homebrew/Caskroom/tuist\"",
				);
				SWIFT_OPTIMIZATION_LEVEL = "-Owholemodule";
				SWIFT_VERSION = 6.0;
				VERSIONING_SYSTEM = "apple-generic";
				VERSION_INFO_PREFIX = "";
			};
			name = Release;
		};
		9F1BDDA6BC7B3C349F01796C /* Debug */ = {
			isa = XCBuildConfiguration;
			buildSettings = {
				ALWAYS_SEARCH_USER_PATHS = NO;
				CLANG_ANALYZER_LOCALIZABILITY_NONLOCALIZED = YES;
				CLANG_ANALYZER_NONNULL = YES;
				CLANG_ANALYZER_NUMBER_OBJECT_CONVERSION = YES_AGGRESSIVE;
				CLANG_CXX_LANGUAGE_STANDARD = "gnu++14";
				CLANG_CXX_LIBRARY = "libc++";
				CLANG_ENABLE_MODULES = YES;
				CLANG_ENABLE_OBJC_ARC = YES;
				CLANG_ENABLE_OBJC_WEAK = YES;
				CLANG_WARN_BLOCK_CAPTURE_AUTORELEASING = YES;
				CLANG_WARN_BOOL_CONVERSION = YES;
				CLANG_WARN_COMMA = YES;
				CLANG_WARN_CONSTANT_CONVERSION = YES;
				CLANG_WARN_DEPRECATED_OBJC_IMPLEMENTATIONS = YES;
				CLANG_WARN_DIRECT_OBJC_ISA_USAGE = YES_ERROR;
				CLANG_WARN_DOCUMENTATION_COMMENTS = YES;
				CLANG_WARN_EMPTY_BODY = YES;
				CLANG_WARN_ENUM_CONVERSION = YES;
				CLANG_WARN_INFINITE_RECURSION = YES;
				CLANG_WARN_INT_CONVERSION = YES;
				CLANG_WARN_NON_LITERAL_NULL_CONVERSION = YES;
				CLANG_WARN_OBJC_IMPLICIT_RETAIN_SELF = YES;
				CLANG_WARN_OBJC_LITERAL_CONVERSION = YES;
				CLANG_WARN_OBJC_ROOT_CLASS = YES_ERROR;
				CLANG_WARN_QUOTED_INCLUDE_IN_FRAMEWORK_HEADER = YES;
				CLANG_WARN_RANGE_LOOP_ANALYSIS = YES;
				CLANG_WARN_STRICT_PROTOTYPES = YES;
				CLANG_WARN_SUSPICIOUS_MOVE = YES;
				CLANG_WARN_UNGUARDED_AVAILABILITY = YES_AGGRESSIVE;
				CLANG_WARN_UNREACHABLE_CODE = YES;
				CLANG_WARN__DUPLICATE_METHOD_MATCH = YES;
				COPY_PHASE_STRIP = NO;
				DEAD_CODE_STRIPPING = YES;
				DEBUG_INFORMATION_FORMAT = dwarf;
				ENABLE_STRICT_OBJC_MSGSEND = YES;
				ENABLE_TESTABILITY = YES;
				GCC_C_LANGUAGE_STANDARD = gnu11;
				GCC_DYNAMIC_NO_PIC = NO;
				GCC_NO_COMMON_BLOCKS = YES;
				GCC_OPTIMIZATION_LEVEL = 0;
				GCC_PREPROCESSOR_DEFINITIONS = (
					"DEBUG=1",
					"$(inherited)",
				);
				GCC_WARN_64_TO_32_BIT_CONVERSION = YES;
				GCC_WARN_ABOUT_RETURN_TYPE = YES_ERROR;
				GCC_WARN_UNDECLARED_SELECTOR = YES;
				GCC_WARN_UNINITIALIZED_AUTOS = YES_AGGRESSIVE;
				GCC_WARN_UNUSED_FUNCTION = YES;
				GCC_WARN_UNUSED_VARIABLE = YES;
				MTL_ENABLE_DEBUG_INFO = YES;
				ONLY_ACTIVE_ARCH = YES;
				PRODUCT_NAME = "$(TARGET_NAME)";
			};
			name = Debug;
		};
		C75B2C32A8A5F8BC5B3B620D /* Debug */ = {
			isa = XCBuildConfiguration;
			buildSettings = {
				CODE_SIGN_IDENTITY = "";
				COMBINE_HIDPI_IMAGES = YES;
				CURRENT_PROJECT_VERSION = 1;
				DEFINES_MODULE = YES;
				DYLIB_COMPATIBILITY_VERSION = 1;
				DYLIB_CURRENT_VERSION = 1;
				DYLIB_INSTALL_NAME_BASE = "@rpath";
				FRAMEWORK_SEARCH_PATHS = (
					"\"/opt/homebrew/Caskroom/tuist/4.26.0\"",
					"\"/opt/homebrew/Caskroom/tuist\"",
				);
				FRAMEWORK_VERSION = A;
				INSTALL_PATH = "$(LOCAL_LIBRARY_DIR)/Frameworks";
				LD_RUNPATH_SEARCH_PATHS = (
					"$(inherited)",
					"@executable_path/../Frameworks",
					"@loader_path/../Frameworks",
				);
				LIBRARY_SEARCH_PATHS = (
					"\"/opt/homebrew/Caskroom/tuist/4.26.0\"",
					"\"/opt/homebrew/Caskroom/tuist\"",
				);
				MACH_O_TYPE = staticlib;
				OTHER_SWIFT_FLAGS = (
					"-package-description-version",
					5.9.0,
					"-D",
					TUIST,
				);
				PRODUCT_BUNDLE_IDENTIFIER = "io.tuist.${PRODUCT_NAME:rfc1034identifier}";
				PRODUCT_NAME = Packages;
				SDKROOT = macosx;
				SKIP_INSTALL = YES;
				SWIFT_ACTIVE_COMPILATION_CONDITIONS = (
					"$(inherited)",
					DEBUG,
				);
				SWIFT_COMPILATION_MODE = singlefile;
				SWIFT_INCLUDE_PATHS = (
					"\"/opt/homebrew/Caskroom/tuist/4.26.0\"",
					"\"/opt/homebrew/Caskroom/tuist\"",
					/Applications/Xcode.app/Contents/Developer/Toolchains/XcodeDefault.xctoolchain/usr/lib/swift/pm/ManifestAPI,
				);
				SWIFT_OPTIMIZATION_LEVEL = "-Onone";
				SWIFT_VERSION = 6.0;
				VERSIONING_SYSTEM = "apple-generic";
				VERSION_INFO_PREFIX = "";
			};
			name = Debug;
		};
		CBC9D5B6CB157717A457F8F5 /* Release */ = {
			isa = XCBuildConfiguration;
			buildSettings = {
				CODE_SIGN_IDENTITY = "";
				COMBINE_HIDPI_IMAGES = YES;
				CURRENT_PROJECT_VERSION = 1;
				DEFINES_MODULE = YES;
				DYLIB_COMPATIBILITY_VERSION = 1;
				DYLIB_CURRENT_VERSION = 1;
				DYLIB_INSTALL_NAME_BASE = "@rpath";
				FRAMEWORK_SEARCH_PATHS = (
					"\"/opt/homebrew/Caskroom/tuist/4.26.0\"",
					"\"/opt/homebrew/Caskroom/tuist\"",
				);
				FRAMEWORK_VERSION = A;
				INSTALL_PATH = "$(LOCAL_LIBRARY_DIR)/Frameworks";
				LD_RUNPATH_SEARCH_PATHS = (
					"$(inherited)",
					"@executable_path/../Frameworks",
					"@loader_path/../Frameworks",
				);
				LIBRARY_SEARCH_PATHS = (
					"\"/opt/homebrew/Caskroom/tuist/4.26.0\"",
					"\"/opt/homebrew/Caskroom/tuist\"",
				);
				MACH_O_TYPE = staticlib;
				OTHER_SWIFT_FLAGS = (
					"-package-description-version",
					5.9.0,
					"-D",
					TUIST,
				);
				PRODUCT_BUNDLE_IDENTIFIER = "io.tuist.${PRODUCT_NAME:rfc1034identifier}";
				PRODUCT_NAME = Packages;
				SDKROOT = macosx;
				SKIP_INSTALL = YES;
				SWIFT_COMPILATION_MODE = wholemodule;
				SWIFT_INCLUDE_PATHS = (
					"\"/opt/homebrew/Caskroom/tuist/4.26.0\"",
					"\"/opt/homebrew/Caskroom/tuist\"",
					/Applications/Xcode.app/Contents/Developer/Toolchains/XcodeDefault.xctoolchain/usr/lib/swift/pm/ManifestAPI,
				);
				SWIFT_OPTIMIZATION_LEVEL = "-Owholemodule";
				SWIFT_VERSION = 6.0;
				VERSIONING_SYSTEM = "apple-generic";
				VERSION_INFO_PREFIX = "";
			};
			name = Release;
		};
/* End XCBuildConfiguration section */

/* Begin XCConfigurationList section */
		481E27DD02C2FD682506F676 /* Build configuration list for PBXNativeTarget "Config" */ = {
			isa = XCConfigurationList;
			buildConfigurations = (
				12AFDB5ED99EB8B653FFB56F /* Debug */,
				7729B8E423420E30E7D2A8E3 /* Release */,
			);
			defaultConfigurationIsVisible = 0;
			defaultConfigurationName = Release;
		};
		48D51063EF212C9B86450152 /* Build configuration list for PBXNativeTarget "swift-geometerManifests" */ = {
			isa = XCConfigurationList;
			buildConfigurations = (
				44213E7DA5E0D6689AC235EC /* Debug */,
				8A63228DC9340544DBC802B1 /* Release */,
			);
			defaultConfigurationIsVisible = 0;
			defaultConfigurationName = Release;
		};
		72C0F45F432A91F6FB43C48C /* Build configuration list for PBXProject "Manifests" */ = {
			isa = XCConfigurationList;
			buildConfigurations = (
				9F1BDDA6BC7B3C349F01796C /* Debug */,
				5659F73E775C4534BF09940A /* Release */,
			);
			defaultConfigurationIsVisible = 0;
			defaultConfigurationName = Release;
		};
		C4674A9FD8503585C4A02764 /* Build configuration list for PBXNativeTarget "Packages" */ = {
			isa = XCConfigurationList;
			buildConfigurations = (
				C75B2C32A8A5F8BC5B3B620D /* Debug */,
				CBC9D5B6CB157717A457F8F5 /* Release */,
			);
			defaultConfigurationIsVisible = 0;
			defaultConfigurationName = Release;
		};
/* End XCConfigurationList section */
	};
	rootObject = C2CEFB75180115DD089F2A57 /* Project object */;
}
