// !$*UTF8*$!
{
	archiveVersion = 1;
	classes = {
	};
	objectVersion = 55;
	objects = {

/* Begin PBXBuildFile section */
		12B20D16F9099F26A4D401BC /* SwiftGeometerTests.swift in Sources */ = {isa = PBXBuildFile; fileRef = DEAFBEF6495C0930F4CD6465 /* SwiftGeometerTests.swift */; };
		27109BB9C795A305195B87FB /* SwiftGeometerApp.swift in Sources */ = {isa = PBXBuildFile; fileRef = 68FE49AA5B6AD96FD20C9CE8 /* SwiftGeometerApp.swift */; };
		BCC90BE2989D02A776224E7F /* libswift_geometer.dylib in Frameworks */ = {isa = PBXBuildFile; fileRef = D298FB8437B2E25E792CD9C8 /* libswift_geometer.dylib */; };
		BE532F442D4559C454CAD960 /* ContentView.swift in Sources */ = {isa = PBXBuildFile; fileRef = 6F511077917A8F7E3E18E5CF /* ContentView.swift */; };
/* End PBXBuildFile section */

/* Begin PBXContainerItemProxy section */
		020651615F5DFF9EB145E045 /* PBXContainerItemProxy */ = {
			isa = PBXContainerItemProxy;
			containerPortal = E3335BFBFB5362C0072476BD /* Project object */;
			proxyType = 1;
			remoteGlobalIDString = 070D0E61626021E6F5BB9A88;
			remoteInfo = "swift-geometer";
		};
/* End PBXContainerItemProxy section */

/* Begin PBXCopyFilesBuildPhase section */
		706BCF5FA8605053BBBB6D3A /* Embed Frameworks */ = {
			isa = PBXCopyFilesBuildPhase;
			buildActionMask = 2147483647;
			dstPath = "";
			dstSubfolderSpec = 10;
			files = (
			);
			name = "Embed Frameworks";
			runOnlyForDeploymentPostprocessing = 0;
		};
		E0CE4AE28A1D14D04F98C126 /* Embed Frameworks */ = {
			isa = PBXCopyFilesBuildPhase;
			buildActionMask = 2147483647;
			dstPath = "";
			dstSubfolderSpec = 10;
			files = (
			);
			name = "Embed Frameworks";
			runOnlyForDeploymentPostprocessing = 0;
		};
/* End PBXCopyFilesBuildPhase section */

/* Begin PBXFileReference section */
		2F975282DE8D25C2F81AE5C5 /* Package.swift */ = {isa = PBXFileReference; lastKnownFileType = sourcecode.swift; path = Package.swift; sourceTree = "<group>"; };
		48391C61AC1187AA54910914 /* swift-geometerTests-Info.plist */ = {isa = PBXFileReference; lastKnownFileType = text.plist; path = "swift-geometerTests-Info.plist"; sourceTree = "<group>"; };
		5D0E5F99342632D97DC147B0 /* swift_geometerTests.xctest */ = {isa = PBXFileReference; explicitFileType = wrapper.cfbundle; includeInIndex = 0; path = swift_geometerTests.xctest; sourceTree = BUILT_PRODUCTS_DIR; };
		68FE49AA5B6AD96FD20C9CE8 /* SwiftGeometerApp.swift */ = {isa = PBXFileReference; lastKnownFileType = sourcecode.swift; path = SwiftGeometerApp.swift; sourceTree = "<group>"; };
		6F511077917A8F7E3E18E5CF /* ContentView.swift */ = {isa = PBXFileReference; lastKnownFileType = sourcecode.swift; path = ContentView.swift; sourceTree = "<group>"; };
		D298FB8437B2E25E792CD9C8 /* libswift_geometer.dylib */ = {isa = PBXFileReference; explicitFileType = "compiled.mach-o.dylib"; includeInIndex = 0; path = libswift_geometer.dylib; sourceTree = BUILT_PRODUCTS_DIR; };
		DEAFBEF6495C0930F4CD6465 /* SwiftGeometerTests.swift */ = {isa = PBXFileReference; lastKnownFileType = sourcecode.swift; path = SwiftGeometerTests.swift; sourceTree = "<group>"; };
/* End PBXFileReference section */

/* Begin PBXFrameworksBuildPhase section */
		63FDBFE316322A796479CE62 /* Frameworks */ = {
			isa = PBXFrameworksBuildPhase;
			buildActionMask = 2147483647;
			files = (
			);
			runOnlyForDeploymentPostprocessing = 0;
		};
		CFBAAD31E99378E578ECF531 /* Frameworks */ = {
			isa = PBXFrameworksBuildPhase;
			buildActionMask = 2147483647;
			files = (
				BCC90BE2989D02A776224E7F /* libswift_geometer.dylib in Frameworks */,
			);
			runOnlyForDeploymentPostprocessing = 0;
		};
/* End PBXFrameworksBuildPhase section */

/* Begin PBXGroup section */
		1F3B4E0F1EB11DE8055B686A /* swift-geometer */ = {
			isa = PBXGroup;
			children = (
				266505572BE46A0856628522 /* Sources */,
				BF5F1723A9CE70025F447AB7 /* Tests */,
			);
			path = "swift-geometer";
			sourceTree = "<group>";
		};
		266505572BE46A0856628522 /* Sources */ = {
			isa = PBXGroup;
			children = (
				6F511077917A8F7E3E18E5CF /* ContentView.swift */,
				68FE49AA5B6AD96FD20C9CE8 /* SwiftGeometerApp.swift */,
			);
			path = Sources;
			sourceTree = "<group>";
		};
		4318285A40535F87193BA7D1 /* InfoPlists */ = {
			isa = PBXGroup;
			children = (
				48391C61AC1187AA54910914 /* swift-geometerTests-Info.plist */,
			);
			path = InfoPlists;
			sourceTree = "<group>";
		};
		4EB292FC8D2D7BC889846886 /* Products */ = {
			isa = PBXGroup;
			children = (
				D298FB8437B2E25E792CD9C8 /* libswift_geometer.dylib */,
				5D0E5F99342632D97DC147B0 /* swift_geometerTests.xctest */,
			);
			name = Products;
			sourceTree = "<group>";
		};
		617D6C9E5EEB2CEEB69603D5 /* Derived */ = {
			isa = PBXGroup;
			children = (
				4318285A40535F87193BA7D1 /* InfoPlists */,
			);
			path = Derived;
			sourceTree = "<group>";
		};
		74F1385392E9EFBC13C9DC2C /* Project */ = {
			isa = PBXGroup;
			children = (
				617D6C9E5EEB2CEEB69603D5 /* Derived */,
				1F3B4E0F1EB11DE8055B686A /* swift-geometer */,
				2F975282DE8D25C2F81AE5C5 /* Package.swift */,
			);
			name = Project;
			sourceTree = "<group>";
		};
		A0F4C87A3994EC94E88DD67B = {
			isa = PBXGroup;
			children = (
				74F1385392E9EFBC13C9DC2C /* Project */,
				4EB292FC8D2D7BC889846886 /* Products */,
			);
			sourceTree = "<group>";
		};
		BF5F1723A9CE70025F447AB7 /* Tests */ = {
			isa = PBXGroup;
			children = (
				DEAFBEF6495C0930F4CD6465 /* SwiftGeometerTests.swift */,
			);
			path = Tests;
			sourceTree = "<group>";
		};
/* End PBXGroup section */

/* Begin PBXNativeTarget section */
		070D0E61626021E6F5BB9A88 /* swift-geometer */ = {
			isa = PBXNativeTarget;
			buildConfigurationList = D5132B74C0FDA17FC4C465CE /* Build configuration list for PBXNativeTarget "swift-geometer" */;
			buildPhases = (
				ECE5E3F102047D4BD4366A92 /* Sources */,
				24DBA8F8A828C9CCC5E198B7 /* Resources */,
				706BCF5FA8605053BBBB6D3A /* Embed Frameworks */,
				63FDBFE316322A796479CE62 /* Frameworks */,
			);
			buildRules = (
			);
			dependencies = (
			);
			name = "swift-geometer";
			productName = swift_geometer;
			productReference = D298FB8437B2E25E792CD9C8 /* libswift_geometer.dylib */;
			productType = "com.apple.product-type.library.dynamic";
		};
		86881E29C979ABA9213AA530 /* swift-geometerTests */ = {
			isa = PBXNativeTarget;
			buildConfigurationList = C6EBAA96DF38545187BD5F4C /* Build configuration list for PBXNativeTarget "swift-geometerTests" */;
			buildPhases = (
				454FB42F09274F96ABF09E72 /* Sources */,
				E2AE801A6C5F31814A05DF2C /* Resources */,
				E0CE4AE28A1D14D04F98C126 /* Embed Frameworks */,
				CFBAAD31E99378E578ECF531 /* Frameworks */,
			);
			buildRules = (
			);
			dependencies = (
				2898FCB857270758E57EA419 /* PBXTargetDependency */,
			);
			name = "swift-geometerTests";
			productName = swift_geometerTests;
			productReference = 5D0E5F99342632D97DC147B0 /* swift_geometerTests.xctest */;
			productType = "com.apple.product-type.bundle.unit-test";
		};
/* End PBXNativeTarget section */

/* Begin PBXProject section */
		E3335BFBFB5362C0072476BD /* Project object */ = {
			isa = PBXProject;
			attributes = {
				BuildIndependentTargetsInParallel = YES;
				TargetAttributes = {
				};
			};
			buildConfigurationList = 32E5BB892065DE3B55106FF1 /* Build configuration list for PBXProject "swift-geometer" */;
			compatibilityVersion = "Xcode 14.0";
			developmentRegion = en;
			hasScannedForEncodings = 0;
			knownRegions = (
				Base,
				en,
			);
			mainGroup = A0F4C87A3994EC94E88DD67B;
			productRefGroup = 4EB292FC8D2D7BC889846886 /* Products */;
			projectDirPath = "";
			projectRoot = "";
			targets = (
				070D0E61626021E6F5BB9A88 /* swift-geometer */,
				86881E29C979ABA9213AA530 /* swift-geometerTests */,
			);
		};
/* End PBXProject section */

/* Begin PBXResourcesBuildPhase section */
		24DBA8F8A828C9CCC5E198B7 /* Resources */ = {
			isa = PBXResourcesBuildPhase;
			buildActionMask = 2147483647;
			files = (
			);
			runOnlyForDeploymentPostprocessing = 0;
		};
		E2AE801A6C5F31814A05DF2C /* Resources */ = {
			isa = PBXResourcesBuildPhase;
			buildActionMask = 2147483647;
			files = (
			);
			runOnlyForDeploymentPostprocessing = 0;
		};
/* End PBXResourcesBuildPhase section */

/* Begin PBXSourcesBuildPhase section */
		454FB42F09274F96ABF09E72 /* Sources */ = {
			isa = PBXSourcesBuildPhase;
			buildActionMask = 2147483647;
			files = (
				12B20D16F9099F26A4D401BC /* SwiftGeometerTests.swift in Sources */,
			);
			runOnlyForDeploymentPostprocessing = 0;
		};
		ECE5E3F102047D4BD4366A92 /* Sources */ = {
			isa = PBXSourcesBuildPhase;
			buildActionMask = 2147483647;
			files = (
				BE532F442D4559C454CAD960 /* ContentView.swift in Sources */,
				27109BB9C795A305195B87FB /* SwiftGeometerApp.swift in Sources */,
			);
			runOnlyForDeploymentPostprocessing = 0;
		};
/* End PBXSourcesBuildPhase section */

/* Begin PBXTargetDependency section */
		2898FCB857270758E57EA419 /* PBXTargetDependency */ = {
			isa = PBXTargetDependency;
			name = "swift-geometer";
			target = 070D0E61626021E6F5BB9A88 /* swift-geometer */;
			targetProxy = 020651615F5DFF9EB145E045 /* PBXContainerItemProxy */;
		};
/* End PBXTargetDependency section */

/* Begin XCBuildConfiguration section */
		0FA5328021B8F97F7418870E /* Release */ = {
			isa = XCBuildConfiguration;
			buildSettings = {
				ALWAYS_SEARCH_USER_PATHS = NO;
				CLANG_ANALYZER_LOCALIZABILITY_NONLOCALIZED = YES;
				CLANG_ANALYZER_NONNULL = YES;
				CLANG_ANALYZER_NUMBER_OBJECT_CONVERSION = YES_AGGRESSIVE;
				CLANG_CXX_LANGUAGE_STANDARD = "gnu++14";
				CLANG_CXX_LIBRARY = "libc++";
				CLANG_ENABLE_MODULES = YES;
				CLANG_ENABLE_OBJC_ARC = YES;
				CLANG_ENABLE_OBJC_WEAK = YES;
				CLANG_WARN_BLOCK_CAPTURE_AUTORELEASING = YES;
				CLANG_WARN_BOOL_CONVERSION = YES;
				CLANG_WARN_COMMA = YES;
				CLANG_WARN_CONSTANT_CONVERSION = YES;
				CLANG_WARN_DEPRECATED_OBJC_IMPLEMENTATIONS = YES;
				CLANG_WARN_DIRECT_OBJC_ISA_USAGE = YES_ERROR;
				CLANG_WARN_DOCUMENTATION_COMMENTS = YES;
				CLANG_WARN_EMPTY_BODY = YES;
				CLANG_WARN_ENUM_CONVERSION = YES;
				CLANG_WARN_INFINITE_RECURSION = YES;
				CLANG_WARN_INT_CONVERSION = YES;
				CLANG_WARN_NON_LITERAL_NULL_CONVERSION = YES;
				CLANG_WARN_OBJC_IMPLICIT_RETAIN_SELF = YES;
				CLANG_WARN_OBJC_LITERAL_CONVERSION = YES;
				CLANG_WARN_OBJC_ROOT_CLASS = YES_ERROR;
				CLANG_WARN_QUOTED_INCLUDE_IN_FRAMEWORK_HEADER = YES;
				CLANG_WARN_RANGE_LOOP_ANALYSIS = YES;
				CLANG_WARN_STRICT_PROTOTYPES = YES;
				CLANG_WARN_SUSPICIOUS_MOVE = YES;
				CLANG_WARN_UNGUARDED_AVAILABILITY = YES_AGGRESSIVE;
				CLANG_WARN_UNREACHABLE_CODE = YES;
				CLANG_WARN__DUPLICATE_METHOD_MATCH = YES;
				COPY_PHASE_STRIP = NO;
				DEAD_CODE_STRIPPING = YES;
				DEBUG_INFORMATION_FORMAT = "dwarf-with-dsym";
				ENABLE_NS_ASSERTIONS = NO;
				ENABLE_STRICT_OBJC_MSGSEND = YES;
				GCC_C_LANGUAGE_STANDARD = gnu11;
				GCC_NO_COMMON_BLOCKS = YES;
				GCC_WARN_64_TO_32_BIT_CONVERSION = YES;
				GCC_WARN_ABOUT_RETURN_TYPE = YES_ERROR;
				GCC_WARN_UNDECLARED_SELECTOR = YES;
				GCC_WARN_UNINITIALIZED_AUTOS = YES_AGGRESSIVE;
				GCC_WARN_UNUSED_FUNCTION = YES;
				GCC_WARN_UNUSED_VARIABLE = YES;
				MTL_ENABLE_DEBUG_INFO = NO;
				PRODUCT_NAME = "$(TARGET_NAME)";
				VALIDATE_PRODUCT = YES;
			};
			name = Release;
		};
		39A0887B5B95E249D35947BD /* Release */ = {
			isa = XCBuildConfiguration;
			buildSettings = {
				CODE_SIGN_IDENTITY = "iPhone Developer";
				PRODUCT_BUNDLE_IDENTIFIER = "io.tuist.swift-geometer";
				PRODUCT_NAME = swift_geometer;
				SDKROOT = iphoneos;
				SUPPORTS_MACCATALYST = NO;
				SUPPORTS_MAC_DESIGNED_FOR_IPHONE_IPAD = YES;
				SUPPORTS_XR_DESIGNED_FOR_IPHONE_IPAD = NO;
				SWIFT_COMPILATION_MODE = wholemodule;
				SWIFT_OPTIMIZATION_LEVEL = "-Owholemodule";
				SWIFT_VERSION = 5.0;
				TARGETED_DEVICE_FAMILY = "1,2";
			};
			name = Release;
		};
		3D65823499D9E12DDC17CEEE /* Debug */ = {
			isa = XCBuildConfiguration;
			buildSettings = {
				ALWAYS_SEARCH_USER_PATHS = NO;
				CLANG_ANALYZER_LOCALIZABILITY_NONLOCALIZED = YES;
				CLANG_ANALYZER_NONNULL = YES;
				CLANG_ANALYZER_NUMBER_OBJECT_CONVERSION = YES_AGGRESSIVE;
				CLANG_CXX_LANGUAGE_STANDARD = "gnu++14";
				CLANG_CXX_LIBRARY = "libc++";
				CLANG_ENABLE_MODULES = YES;
				CLANG_ENABLE_OBJC_ARC = YES;
				CLANG_ENABLE_OBJC_WEAK = YES;
				CLANG_WARN_BLOCK_CAPTURE_AUTORELEASING = YES;
				CLANG_WARN_BOOL_CONVERSION = YES;
				CLANG_WARN_COMMA = YES;
				CLANG_WARN_CONSTANT_CONVERSION = YES;
				CLANG_WARN_DEPRECATED_OBJC_IMPLEMENTATIONS = YES;
				CLANG_WARN_DIRECT_OBJC_ISA_USAGE = YES_ERROR;
				CLANG_WARN_DOCUMENTATION_COMMENTS = YES;
				CLANG_WARN_EMPTY_BODY = YES;
				CLANG_WARN_ENUM_CONVERSION = YES;
				CLANG_WARN_INFINITE_RECURSION = YES;
				CLANG_WARN_INT_CONVERSION = YES;
				CLANG_WARN_NON_LITERAL_NULL_CONVERSION = YES;
				CLANG_WARN_OBJC_IMPLICIT_RETAIN_SELF = YES;
				CLANG_WARN_OBJC_LITERAL_CONVERSION = YES;
				CLANG_WARN_OBJC_ROOT_CLASS = YES_ERROR;
				CLANG_WARN_QUOTED_INCLUDE_IN_FRAMEWORK_HEADER = YES;
				CLANG_WARN_RANGE_LOOP_ANALYSIS = YES;
				CLANG_WARN_STRICT_PROTOTYPES = YES;
				CLANG_WARN_SUSPICIOUS_MOVE = YES;
				CLANG_WARN_UNGUARDED_AVAILABILITY = YES_AGGRESSIVE;
				CLANG_WARN_UNREACHABLE_CODE = YES;
				CLANG_WARN__DUPLICATE_METHOD_MATCH = YES;
				COPY_PHASE_STRIP = NO;
				DEAD_CODE_STRIPPING = YES;
				DEBUG_INFORMATION_FORMAT = dwarf;
				ENABLE_STRICT_OBJC_MSGSEND = YES;
				ENABLE_TESTABILITY = YES;
				GCC_C_LANGUAGE_STANDARD = gnu11;
				GCC_DYNAMIC_NO_PIC = NO;
				GCC_NO_COMMON_BLOCKS = YES;
				GCC_OPTIMIZATION_LEVEL = 0;
				GCC_PREPROCESSOR_DEFINITIONS = (
					"DEBUG=1",
					"$(inherited)",
				);
				GCC_WARN_64_TO_32_BIT_CONVERSION = YES;
				GCC_WARN_ABOUT_RETURN_TYPE = YES_ERROR;
				GCC_WARN_UNDECLARED_SELECTOR = YES;
				GCC_WARN_UNINITIALIZED_AUTOS = YES_AGGRESSIVE;
				GCC_WARN_UNUSED_FUNCTION = YES;
				GCC_WARN_UNUSED_VARIABLE = YES;
				MTL_ENABLE_DEBUG_INFO = YES;
				ONLY_ACTIVE_ARCH = YES;
				PRODUCT_NAME = "$(TARGET_NAME)";
			};
			name = Debug;
		};
		5B384A404ECF6BFAE2057795 /* Debug */ = {
			isa = XCBuildConfiguration;
			buildSettings = {
				CODE_SIGN_IDENTITY = "iPhone Developer";
				INFOPLIST_FILE = "Derived/InfoPlists/swift-geometerTests-Info.plist";
				LD_RUNPATH_SEARCH_PATHS = (
					"$(inherited)",
					"@executable_path/Frameworks",
					"@loader_path/Frameworks",
				);
				PRODUCT_BUNDLE_IDENTIFIER = "io.tuist.swift-geometerTests";
				PRODUCT_NAME = swift_geometerTests;
				SDKROOT = iphoneos;
				SUPPORTS_MACCATALYST = NO;
				SUPPORTS_MAC_DESIGNED_FOR_IPHONE_IPAD = YES;
				SUPPORTS_XR_DESIGNED_FOR_IPHONE_IPAD = NO;
				SWIFT_ACTIVE_COMPILATION_CONDITIONS = (
					"$(inherited)",
					DEBUG,
				);
				SWIFT_COMPILATION_MODE = singlefile;
				SWIFT_OPTIMIZATION_LEVEL = "-Onone";
				SWIFT_VERSION = 5.0;
				TARGETED_DEVICE_FAMILY = "1,2";
			};
			name = Debug;
		};
		B1E3306498E1CBABAA2A74F8 /* Release */ = {
			isa = XCBuildConfiguration;
			buildSettings = {
				CODE_SIGN_IDENTITY = "iPhone Developer";
				INFOPLIST_FILE = "Derived/InfoPlists/swift-geometerTests-Info.plist";
				LD_RUNPATH_SEARCH_PATHS = (
					"$(inherited)",
					"@executable_path/Frameworks",
					"@loader_path/Frameworks",
				);
				PRODUCT_BUNDLE_IDENTIFIER = "io.tuist.swift-geometerTests";
				PRODUCT_NAME = swift_geometerTests;
				SDKROOT = iphoneos;
				SUPPORTS_MACCATALYST = NO;
				SUPPORTS_MAC_DESIGNED_FOR_IPHONE_IPAD = YES;
				SUPPORTS_XR_DESIGNED_FOR_IPHONE_IPAD = NO;
				SWIFT_COMPILATION_MODE = wholemodule;
				SWIFT_OPTIMIZATION_LEVEL = "-Owholemodule";
				SWIFT_VERSION = 5.0;
				TARGETED_DEVICE_FAMILY = "1,2";
			};
			name = Release;
		};
		CD9530778DDC6A69B163DA30 /* Debug */ = {
			isa = XCBuildConfiguration;
			buildSettings = {
				CODE_SIGN_IDENTITY = "iPhone Developer";
				PRODUCT_BUNDLE_IDENTIFIER = "io.tuist.swift-geometer";
				PRODUCT_NAME = swift_geometer;
				SDKROOT = iphoneos;
				SUPPORTS_MACCATALYST = NO;
				SUPPORTS_MAC_DESIGNED_FOR_IPHONE_IPAD = YES;
				SUPPORTS_XR_DESIGNED_FOR_IPHONE_IPAD = NO;
				SWIFT_ACTIVE_COMPILATION_CONDITIONS = (
					"$(inherited)",
					DEBUG,
				);
				SWIFT_COMPILATION_MODE = singlefile;
				SWIFT_OPTIMIZATION_LEVEL = "-Onone";
				SWIFT_VERSION = 5.0;
				TARGETED_DEVICE_FAMILY = "1,2";
			};
			name = Debug;
		};
/* End XCBuildConfiguration section */

/* Begin XCConfigurationList section */
		32E5BB892065DE3B55106FF1 /* Build configuration list for PBXProject "swift-geometer" */ = {
			isa = XCConfigurationList;
			buildConfigurations = (
				3D65823499D9E12DDC17CEEE /* Debug */,
				0FA5328021B8F97F7418870E /* Release */,
			);
			defaultConfigurationIsVisible = 0;
			defaultConfigurationName = Release;
		};
		C6EBAA96DF38545187BD5F4C /* Build configuration list for PBXNativeTarget "swift-geometerTests" */ = {
			isa = XCConfigurationList;
			buildConfigurations = (
				5B384A404ECF6BFAE2057795 /* Debug */,
				B1E3306498E1CBABAA2A74F8 /* Release */,
			);
			defaultConfigurationIsVisible = 0;
			defaultConfigurationName = Release;
		};
		D5132B74C0FDA17FC4C465CE /* Build configuration list for PBXNativeTarget "swift-geometer" */ = {
			isa = XCConfigurationList;
			buildConfigurations = (
				CD9530778DDC6A69B163DA30 /* Debug */,
				39A0887B5B95E249D35947BD /* Release */,
			);
			defaultConfigurationIsVisible = 0;
			defaultConfigurationName = Release;
		};
/* End XCConfigurationList section */
	};
	rootObject = E3335BFBFB5362C0072476BD /* Project object */;
}
